
Microsoft Visual Studio Solution File, Format Version 12.00
# Visual Studio Version 17
VisualStudioVersion = 17.11.35327.3
MinimumVisualStudioVersion = 10.0.40219.1
Project("{FAE04EC0-301F-11D3-BF4B-00C04F79EFBC}") = "zxcforum", "zxcforum.csproj", "{BA7DB5F4-081E-44B3-9CD8-38EB4D41CB17}"
EndProject
Global
	GlobalSection(SolutionConfigurationPlatforms) = preSolution
		Debug|Any CPU = Debug|Any CPU
		Release|Any CPU = Release|Any CPU
	EndGlobalSection
	GlobalSection(ProjectConfigurationPlatforms) = postSolution
		{BA7DB5F4-081E-44B3-9CD8-38EB4D41CB17}.Debug|Any CPU.ActiveCfg = Debug|Any CPU
		{BA7DB5F4-081E-44B3-9CD8-38EB4D41CB17}.Debug|Any CPU.Build.0 = Debug|Any CPU
		{BA7DB5F4-081E-44B3-9CD8-38EB4D41CB17}.Release|Any CPU.ActiveCfg = Release|Any CPU
		{BA7DB5F4-081E-44B3-9CD8-38EB4D41CB17}.Release|Any CPU.Build.0 = Release|Any CPU
	EndGlobalSection
	GlobalSection(SolutionProperties) = preSolution
		HideSolutionNode = FALSE
	EndGlobalSection
	GlobalSection(ExtensibilityGlobals) = postSolution
		SolutionGuid = {B4E157A4-B79A-41D6-812A-68428A22B9C3}
	EndGlobalSection
EndGlobal
